{
  "name": "vuedemo",
  "version": "1.0.0",
  "lockfileVersion": 1,
  "requires": true,
  "dependencies": {
    "jquery": {
      "version": "3.5.0",
      "resolved": "https://registry.npmjs.org/jquery/-/jquery-3.5.0.tgz",
      "integrity": "sha512-Xb7SVYMvygPxbFMpTFQiHh1J7HClEaThguL15N/Gg37Lri/qKyhRGZYzHRyLH8Stq3Aow0LsHO2O2ci86fCrNQ=="
    },
    "vue": {
      "version": "2.6.10",
      "resolved": "https://registry.npmjs.org/vue/-/vue-2.6.10.tgz",
      "integrity": "sha512-ImThpeNU9HbdZL3utgMCq0oiMzAkt1mcgy3/E6zWC/G6AaQoeuFdsl9nDhTDU3X1R6FK7nsIUuRACVcjI+A2GQ=="
    },
    "vue-router": {
      "version": "3.0.6",
      "resolved": "https://registry.npmjs.org/vue-router/-/vue-router-3.0.6.tgz",
      "integrity": "sha512-Ox0ciFLswtSGRTHYhGvx2L44sVbTPNS+uD2kRISuo8B39Y79rOo0Kw0hzupTmiVtftQYCZl87mwldhh2L9Aquw=="
    },
    "vuex": {
      "version": "3.1.0",
      "resolved": "https://registry.npmjs.org/vuex/-/vuex-3.1.0.tgz",
      "integrity": "sha512-mdHeHT/7u4BncpUZMlxNaIdcN/HIt1GsGG5LKByArvYG/v6DvHcOxvDCts+7SRdCoIRGllK8IMZvQtQXLppDYg=="
    }
  }
}
